
Microsoft Visual Studio Solution File, Format Version 11.00
# Visual Studio 2010
Project("{4925A630-B079-445d-BCD4-3A9C94FE9307}") = "autocity", "autocity.fsproj", "{CA9D2336-4C3C-4A24-8FBD-0F2D70023BAC}"
EndProject
Global
	GlobalSection(SolutionConfigurationPlatforms) = preSolution
		Debug|Any CPU = Debug|Any CPU
		Release|Any CPU = Release|Any CPU
	EndGlobalSection
	GlobalSection(ProjectConfigurationPlatforms) = postSolution
		{CA9D2336-4C3C-4A24-8FBD-0F2D70023BAC}.Debug|Any CPU.ActiveCfg = Debug|Any CPU
		{CA9D2336-4C3C-4A24-8FBD-0F2D70023BAC}.Debug|Any CPU.Build.0 = Debug|Any CPU
		{CA9D2336-4C3C-4A24-8FBD-0F2D70023BAC}.Release|Any CPU.ActiveCfg = Release|Any CPU
		{CA9D2336-4C3C-4A24-8FBD-0F2D70023BAC}.Release|Any CPU.Build.0 = Release|Any CPU
	EndGlobalSection
	GlobalSection(MonoDevelopProperties) = preSolution
		StartupItem = autocity.fsproj
	EndGlobalSection
EndGlobal
